
Microsoft Visual Studio Solution File, Format Version 12.00
# Visual Studio 2012
Project("{FAE04EC0-301F-11D3-BF4B-00C04F79EFBC}") = "MentoringProgram1", "MentoringProgram\MentoringProgram1.csproj", "{CBBB7FDF-176C-47FE-A250-5CD2E6FC038F}"
EndProject
Project("{FAE04EC0-301F-11D3-BF4B-00C04F79EFBC}") = "MentoringProgram1_Test", "MentoringProgram1_Test\MentoringProgram1_Test.csproj", "{4AEB2886-E9FA-43BC-A562-9DCEF3AB09EB}"
EndProject
Project("{FAE04EC0-301F-11D3-BF4B-00C04F79EFBC}") = "MentoringProgram2", "MentoringProgram2\MentoringProgram2.csproj", "{3378C96D-0496-406A-951B-5E14E6E37E5B}"
EndProject
Project("{FAE04EC0-301F-11D3-BF4B-00C04F79EFBC}") = "MentoringProgram4", "MentoringProgram4\MentoringProgram4.csproj", "{D83F091E-43E1-4656-824A-5FC962A00A29}"
EndProject
Project("{FAE04EC0-301F-11D3-BF4B-00C04F79EFBC}") = "MentoringProgram5", "MentoringProgram5\MentoringProgram5.csproj", "{32AB3E2A-D012-4539-B24B-C14DF9DEEF0D}"
EndProject
Project("{FAE04EC0-301F-11D3-BF4B-00C04F79EFBC}") = "Mentoring6_storing_system", "Mentoring6_storing_system\Mentoring6_storing_system.csproj", "{46C149FF-86D1-4041-A897-A9CC6556FE15}"
EndProject
Project("{FAE04EC0-301F-11D3-BF4B-00C04F79EFBC}") = "Mentoring6", "Mentoring6\Mentoring6.csproj", "{00F7731A-7D0F-473E-BCDA-9A539023915A}"
EndProject
Project("{FAE04EC0-301F-11D3-BF4B-00C04F79EFBC}") = "Mentoring6_xml_reader_writer", "Mentoring6_xml_reader_writer\Mentoring6_xml_reader_writer.csproj", "{8BED2462-9A7A-45A5-A394-828CABC6DCF7}"
EndProject
Project("{FAE04EC0-301F-11D3-BF4B-00C04F79EFBC}") = "Mentoring6_tests", "Mentoring6_tests\Mentoring6_tests.csproj", "{29975982-2149-4398-B349-A09F5C00D9DA}"
EndProject
Project("{00D1A9C2-B5F0-4AF3-8072-F6C62B433612}") = "Mentoring7_BasicSql", "Mentoring7_BasicSql\Mentoring7_BasicSql.sqlproj", "{E9566324-6ABC-4441-866A-61C1BC8E78F3}"
EndProject
Project("{FAE04EC0-301F-11D3-BF4B-00C04F79EFBC}") = "Mentoring8_Ado_net", "Mentoring8_Ado_net\Mentoring8_Ado_net.csproj", "{D5636BD3-3EC6-47F9-A2A1-F374C6C6A1A9}"
EndProject
Global
	GlobalSection(SolutionConfigurationPlatforms) = preSolution
		Debug|Any CPU = Debug|Any CPU
		Release|Any CPU = Release|Any CPU
	EndGlobalSection
	GlobalSection(ProjectConfigurationPlatforms) = postSolution
		{CBBB7FDF-176C-47FE-A250-5CD2E6FC038F}.Debug|Any CPU.ActiveCfg = Debug|Any CPU
		{CBBB7FDF-176C-47FE-A250-5CD2E6FC038F}.Debug|Any CPU.Build.0 = Debug|Any CPU
		{CBBB7FDF-176C-47FE-A250-5CD2E6FC038F}.Release|Any CPU.ActiveCfg = Release|Any CPU
		{CBBB7FDF-176C-47FE-A250-5CD2E6FC038F}.Release|Any CPU.Build.0 = Release|Any CPU
		{4AEB2886-E9FA-43BC-A562-9DCEF3AB09EB}.Debug|Any CPU.ActiveCfg = Debug|Any CPU
		{4AEB2886-E9FA-43BC-A562-9DCEF3AB09EB}.Debug|Any CPU.Build.0 = Debug|Any CPU
		{4AEB2886-E9FA-43BC-A562-9DCEF3AB09EB}.Release|Any CPU.ActiveCfg = Release|Any CPU
		{4AEB2886-E9FA-43BC-A562-9DCEF3AB09EB}.Release|Any CPU.Build.0 = Release|Any CPU
		{3378C96D-0496-406A-951B-5E14E6E37E5B}.Debug|Any CPU.ActiveCfg = Debug|Any CPU
		{3378C96D-0496-406A-951B-5E14E6E37E5B}.Debug|Any CPU.Build.0 = Debug|Any CPU
		{3378C96D-0496-406A-951B-5E14E6E37E5B}.Release|Any CPU.ActiveCfg = Release|Any CPU
		{3378C96D-0496-406A-951B-5E14E6E37E5B}.Release|Any CPU.Build.0 = Release|Any CPU
		{D83F091E-43E1-4656-824A-5FC962A00A29}.Debug|Any CPU.ActiveCfg = Debug|Any CPU
		{D83F091E-43E1-4656-824A-5FC962A00A29}.Debug|Any CPU.Build.0 = Debug|Any CPU
		{D83F091E-43E1-4656-824A-5FC962A00A29}.Release|Any CPU.ActiveCfg = Release|Any CPU
		{D83F091E-43E1-4656-824A-5FC962A00A29}.Release|Any CPU.Build.0 = Release|Any CPU
		{32AB3E2A-D012-4539-B24B-C14DF9DEEF0D}.Debug|Any CPU.ActiveCfg = Debug|Any CPU
		{32AB3E2A-D012-4539-B24B-C14DF9DEEF0D}.Debug|Any CPU.Build.0 = Debug|Any CPU
		{32AB3E2A-D012-4539-B24B-C14DF9DEEF0D}.Release|Any CPU.ActiveCfg = Release|Any CPU
		{32AB3E2A-D012-4539-B24B-C14DF9DEEF0D}.Release|Any CPU.Build.0 = Release|Any CPU
		{46C149FF-86D1-4041-A897-A9CC6556FE15}.Debug|Any CPU.ActiveCfg = Debug|Any CPU
		{46C149FF-86D1-4041-A897-A9CC6556FE15}.Debug|Any CPU.Build.0 = Debug|Any CPU
		{46C149FF-86D1-4041-A897-A9CC6556FE15}.Release|Any CPU.ActiveCfg = Release|Any CPU
		{46C149FF-86D1-4041-A897-A9CC6556FE15}.Release|Any CPU.Build.0 = Release|Any CPU
		{00F7731A-7D0F-473E-BCDA-9A539023915A}.Debug|Any CPU.ActiveCfg = Debug|Any CPU
		{00F7731A-7D0F-473E-BCDA-9A539023915A}.Debug|Any CPU.Build.0 = Debug|Any CPU
		{00F7731A-7D0F-473E-BCDA-9A539023915A}.Release|Any CPU.ActiveCfg = Release|Any CPU
		{00F7731A-7D0F-473E-BCDA-9A539023915A}.Release|Any CPU.Build.0 = Release|Any CPU
		{8BED2462-9A7A-45A5-A394-828CABC6DCF7}.Debug|Any CPU.ActiveCfg = Debug|Any CPU
		{8BED2462-9A7A-45A5-A394-828CABC6DCF7}.Debug|Any CPU.Build.0 = Debug|Any CPU
		{8BED2462-9A7A-45A5-A394-828CABC6DCF7}.Release|Any CPU.ActiveCfg = Release|Any CPU
		{8BED2462-9A7A-45A5-A394-828CABC6DCF7}.Release|Any CPU.Build.0 = Release|Any CPU
		{29975982-2149-4398-B349-A09F5C00D9DA}.Debug|Any CPU.ActiveCfg = Debug|Any CPU
		{29975982-2149-4398-B349-A09F5C00D9DA}.Debug|Any CPU.Build.0 = Debug|Any CPU
		{29975982-2149-4398-B349-A09F5C00D9DA}.Release|Any CPU.ActiveCfg = Release|Any CPU
		{29975982-2149-4398-B349-A09F5C00D9DA}.Release|Any CPU.Build.0 = Release|Any CPU
		{E9566324-6ABC-4441-866A-61C1BC8E78F3}.Debug|Any CPU.ActiveCfg = Debug|Any CPU
		{E9566324-6ABC-4441-866A-61C1BC8E78F3}.Debug|Any CPU.Build.0 = Debug|Any CPU
		{E9566324-6ABC-4441-866A-61C1BC8E78F3}.Debug|Any CPU.Deploy.0 = Debug|Any CPU
		{E9566324-6ABC-4441-866A-61C1BC8E78F3}.Release|Any CPU.ActiveCfg = Release|Any CPU
		{E9566324-6ABC-4441-866A-61C1BC8E78F3}.Release|Any CPU.Build.0 = Release|Any CPU
		{E9566324-6ABC-4441-866A-61C1BC8E78F3}.Release|Any CPU.Deploy.0 = Release|Any CPU
		{D5636BD3-3EC6-47F9-A2A1-F374C6C6A1A9}.Debug|Any CPU.ActiveCfg = Debug|Any CPU
		{D5636BD3-3EC6-47F9-A2A1-F374C6C6A1A9}.Debug|Any CPU.Build.0 = Debug|Any CPU
		{D5636BD3-3EC6-47F9-A2A1-F374C6C6A1A9}.Release|Any CPU.ActiveCfg = Release|Any CPU
		{D5636BD3-3EC6-47F9-A2A1-F374C6C6A1A9}.Release|Any CPU.Build.0 = Release|Any CPU
	EndGlobalSection
	GlobalSection(SolutionProperties) = preSolution
		HideSolutionNode = FALSE
	EndGlobalSection
EndGlobal
